
Microsoft Visual Studio Solution File, Format Version 12.00
# Visual Studio Version 17
VisualStudioVersion = 17.3.32811.315
MinimumVisualStudioVersion = 10.0.40219.1
Project("{D954291E-2A0B-460D-934E-DC6B0785DB48}") = "NativeConnector", "NativeConnector\NativeConnector.shproj", "{1A2A9F05-49AB-4C09-BB8F-1BBEB14D7133}"
EndProject
Project("{FAE04EC0-301F-11D3-BF4B-00C04F79EFBC}") = "Kanahebi", "Kanahebi\Kanahebi.csproj", "{EFE2C664-2C40-411F-8BD5-C8DFD98E5C33}"
EndProject
Global
	GlobalSection(SolutionConfigurationPlatforms) = preSolution
		Debug|Any CPU = Debug|Any CPU
		Debug|x64 = Debug|x64
		Debug|x86 = Debug|x86
		Release|Any CPU = Release|Any CPU
		Release|x64 = Release|x64
		Release|x86 = Release|x86
	EndGlobalSection
	GlobalSection(ProjectConfigurationPlatforms) = postSolution
		{EFE2C664-2C40-411F-8BD5-C8DFD98E5C33}.Debug|Any CPU.ActiveCfg = Debug|Any CPU
		{EFE2C664-2C40-411F-8BD5-C8DFD98E5C33}.Debug|Any CPU.Build.0 = Debug|Any CPU
		{EFE2C664-2C40-411F-8BD5-C8DFD98E5C33}.Debug|x64.ActiveCfg = Debug|Any CPU
		{EFE2C664-2C40-411F-8BD5-C8DFD98E5C33}.Debug|x64.Build.0 = Debug|Any CPU
		{EFE2C664-2C40-411F-8BD5-C8DFD98E5C33}.Debug|x86.ActiveCfg = Debug|Any CPU
		{EFE2C664-2C40-411F-8BD5-C8DFD98E5C33}.Debug|x86.Build.0 = Debug|Any CPU
		{EFE2C664-2C40-411F-8BD5-C8DFD98E5C33}.Release|Any CPU.ActiveCfg = Release|Any CPU
		{EFE2C664-2C40-411F-8BD5-C8DFD98E5C33}.Release|Any CPU.Build.0 = Release|Any CPU
		{EFE2C664-2C40-411F-8BD5-C8DFD98E5C33}.Release|x64.ActiveCfg = Release|Any CPU
		{EFE2C664-2C40-411F-8BD5-C8DFD98E5C33}.Release|x64.Build.0 = Release|Any CPU
		{EFE2C664-2C40-411F-8BD5-C8DFD98E5C33}.Release|x86.ActiveCfg = Release|Any CPU
		{EFE2C664-2C40-411F-8BD5-C8DFD98E5C33}.Release|x86.Build.0 = Release|Any CPU
	EndGlobalSection
	GlobalSection(SolutionProperties) = preSolution
		HideSolutionNode = FALSE
	EndGlobalSection
	GlobalSection(ExtensibilityGlobals) = postSolution
		SolutionGuid = {43D47AAC-CC32-4DE0-88C5-18421EFC3C40}
	EndGlobalSection
	GlobalSection(SharedMSBuildProjectFiles) = preSolution
		NativeConnector\NativeConnector.projitems*{1a2a9f05-49ab-4c09-bb8f-1bbeb14d7133}*SharedItemsImports = 13
		NativeConnector\NativeConnector.projitems*{efe2c664-2c40-411f-8bd5-c8dfd98e5c33}*SharedItemsImports = 4
	EndGlobalSection
EndGlobal
